// !$*UTF8*$!
{
	archiveVersion = 1;
	classes = {
	};
	objectVersion = 55;
	objects = {

/* Begin PBXBuildFile section */
		4932329727E88E0B00AAF4D9 /* AppDelegate.swift in Sources */ = {isa = PBXBuildFile; fileRef = 4932329627E88E0B00AAF4D9 /* AppDelegate.swift */; };
		4932329927E88E0B00AAF4D9 /* SceneDelegate.swift in Sources */ = {isa = PBXBuildFile; fileRef = 4932329827E88E0B00AAF4D9 /* SceneDelegate.swift */; };
		493232A127E88E0B00AAF4D9 /* Myfinan.xcdatamodeld in Sources */ = {isa = PBXBuildFile; fileRef = 4932329F27E88E0B00AAF4D9 /* Myfinan.xcdatamodeld */; };
		493232A327E88E0D00AAF4D9 /* Assets.xcassets in Resources */ = {isa = PBXBuildFile; fileRef = 493232A227E88E0D00AAF4D9 /* Assets.xcassets */; };
		493232A627E88E0D00AAF4D9 /* LaunchScreen.storyboard in Resources */ = {isa = PBXBuildFile; fileRef = 493232A427E88E0D00AAF4D9 /* LaunchScreen.storyboard */; };
		493232B127E88E0D00AAF4D9 /* MyfinanTests.swift in Sources */ = {isa = PBXBuildFile; fileRef = 493232B027E88E0D00AAF4D9 /* MyfinanTests.swift */; };
		493232BB27E88E0D00AAF4D9 /* MyfinanUITests.swift in Sources */ = {isa = PBXBuildFile; fileRef = 493232BA27E88E0D00AAF4D9 /* MyfinanUITests.swift */; };
		493232BD27E88E0D00AAF4D9 /* MyfinanUITestsLaunchTests.swift in Sources */ = {isa = PBXBuildFile; fileRef = 493232BC27E88E0D00AAF4D9 /* MyfinanUITestsLaunchTests.swift */; };
		493232CE27E88EAF00AAF4D9 /* CategoriesModel.swift in Sources */ = {isa = PBXBuildFile; fileRef = 493232CD27E88EAF00AAF4D9 /* CategoriesModel.swift */; };
		493232D027E88EBC00AAF4D9 /* CategoriesPresenter.swift in Sources */ = {isa = PBXBuildFile; fileRef = 493232CF27E88EBC00AAF4D9 /* CategoriesPresenter.swift */; };
		493232E227E8952C00AAF4D9 /* CategoriesViewController.swift in Sources */ = {isa = PBXBuildFile; fileRef = 493232E027E8952C00AAF4D9 /* CategoriesViewController.swift */; };
		493232E527E8965C00AAF4D9 /* CategoriesCell.swift in Sources */ = {isa = PBXBuildFile; fileRef = 493232E427E8965C00AAF4D9 /* CategoriesCell.swift */; };
		49E5670027E8FFCF000CEDEF /* CategoriesTableViewController.swift in Sources */ = {isa = PBXBuildFile; fileRef = 49E566FF27E8FFCF000CEDEF /* CategoriesTableViewController.swift */; };
/* End PBXBuildFile section */

/* Begin PBXContainerItemProxy section */
		493232AD27E88E0D00AAF4D9 /* PBXContainerItemProxy */ = {
			isa = PBXContainerItemProxy;
			containerPortal = 4932328B27E88E0B00AAF4D9 /* Project object */;
			proxyType = 1;
			remoteGlobalIDString = 4932329227E88E0B00AAF4D9;
			remoteInfo = Myfinan;
		};
		493232B727E88E0D00AAF4D9 /* PBXContainerItemProxy */ = {
			isa = PBXContainerItemProxy;
			containerPortal = 4932328B27E88E0B00AAF4D9 /* Project object */;
			proxyType = 1;
			remoteGlobalIDString = 4932329227E88E0B00AAF4D9;
			remoteInfo = Myfinan;
		};
/* End PBXContainerItemProxy section */

/* Begin PBXFileReference section */
		4932329327E88E0B00AAF4D9 /* Myfinan.app */ = {isa = PBXFileReference; explicitFileType = wrapper.application; includeInIndex = 0; path = Myfinan.app; sourceTree = BUILT_PRODUCTS_DIR; };
		4932329627E88E0B00AAF4D9 /* AppDelegate.swift */ = {isa = PBXFileReference; lastKnownFileType = sourcecode.swift; path = AppDelegate.swift; sourceTree = "<group>"; };
		4932329827E88E0B00AAF4D9 /* SceneDelegate.swift */ = {isa = PBXFileReference; lastKnownFileType = sourcecode.swift; path = SceneDelegate.swift; sourceTree = "<group>"; };
		493232A027E88E0B00AAF4D9 /* Myfinan.xcdatamodel */ = {isa = PBXFileReference; lastKnownFileType = wrapper.xcdatamodel; path = Myfinan.xcdatamodel; sourceTree = "<group>"; };
		493232A227E88E0D00AAF4D9 /* Assets.xcassets */ = {isa = PBXFileReference; lastKnownFileType = folder.assetcatalog; path = Assets.xcassets; sourceTree = "<group>"; };
		493232A527E88E0D00AAF4D9 /* Base */ = {isa = PBXFileReference; lastKnownFileType = file.storyboard; name = Base; path = Base.lproj/LaunchScreen.storyboard; sourceTree = "<group>"; };
		493232A727E88E0D00AAF4D9 /* Info.plist */ = {isa = PBXFileReference; lastKnownFileType = text.plist.xml; path = Info.plist; sourceTree = "<group>"; };
		493232AC27E88E0D00AAF4D9 /* MyfinanTests.xctest */ = {isa = PBXFileReference; explicitFileType = wrapper.cfbundle; includeInIndex = 0; path = MyfinanTests.xctest; sourceTree = BUILT_PRODUCTS_DIR; };
		493232B027E88E0D00AAF4D9 /* MyfinanTests.swift */ = {isa = PBXFileReference; lastKnownFileType = sourcecode.swift; path = MyfinanTests.swift; sourceTree = "<group>"; };
		493232B627E88E0D00AAF4D9 /* MyfinanUITests.xctest */ = {isa = PBXFileReference; explicitFileType = wrapper.cfbundle; includeInIndex = 0; path = MyfinanUITests.xctest; sourceTree = BUILT_PRODUCTS_DIR; };
		493232BA27E88E0D00AAF4D9 /* MyfinanUITests.swift */ = {isa = PBXFileReference; lastKnownFileType = sourcecode.swift; path = MyfinanUITests.swift; sourceTree = "<group>"; };
		493232BC27E88E0D00AAF4D9 /* MyfinanUITestsLaunchTests.swift */ = {isa = PBXFileReference; lastKnownFileType = sourcecode.swift; path = MyfinanUITestsLaunchTests.swift; sourceTree = "<group>"; };
		493232CD27E88EAF00AAF4D9 /* CategoriesModel.swift */ = {isa = PBXFileReference; lastKnownFileType = sourcecode.swift; path = CategoriesModel.swift; sourceTree = "<group>"; };
		493232CF27E88EBC00AAF4D9 /* CategoriesPresenter.swift */ = {isa = PBXFileReference; lastKnownFileType = sourcecode.swift; path = CategoriesPresenter.swift; sourceTree = "<group>"; };
		493232E027E8952C00AAF4D9 /* CategoriesViewController.swift */ = {isa = PBXFileReference; lastKnownFileType = sourcecode.swift; path = CategoriesViewController.swift; sourceTree = "<group>"; };
		493232E427E8965C00AAF4D9 /* CategoriesCell.swift */ = {isa = PBXFileReference; lastKnownFileType = sourcecode.swift; path = CategoriesCell.swift; sourceTree = "<group>"; };
		49E566FF27E8FFCF000CEDEF /* CategoriesTableViewController.swift */ = {isa = PBXFileReference; lastKnownFileType = sourcecode.swift; path = CategoriesTableViewController.swift; sourceTree = "<group>"; };
/* End PBXFileReference section */

/* Begin PBXFrameworksBuildPhase section */
		4932329027E88E0B00AAF4D9 /* Frameworks */ = {
			isa = PBXFrameworksBuildPhase;
			buildActionMask = 2147483647;
			files = (
			);
			runOnlyForDeploymentPostprocessing = 0;
		};
		493232A927E88E0D00AAF4D9 /* Frameworks */ = {
			isa = PBXFrameworksBuildPhase;
			buildActionMask = 2147483647;
			files = (
			);
			runOnlyForDeploymentPostprocessing = 0;
		};
		493232B327E88E0D00AAF4D9 /* Frameworks */ = {
			isa = PBXFrameworksBuildPhase;
			buildActionMask = 2147483647;
			files = (
			);
			runOnlyForDeploymentPostprocessing = 0;
		};
/* End PBXFrameworksBuildPhase section */

/* Begin PBXGroup section */
		4932328A27E88E0B00AAF4D9 = {
			isa = PBXGroup;
			children = (
				4932329527E88E0B00AAF4D9 /* Myfinan */,
				493232AF27E88E0D00AAF4D9 /* MyfinanTests */,
				493232B927E88E0D00AAF4D9 /* MyfinanUITests */,
				4932329427E88E0B00AAF4D9 /* Products */,
			);
			sourceTree = "<group>";
		};
		4932329427E88E0B00AAF4D9 /* Products */ = {
			isa = PBXGroup;
			children = (
				4932329327E88E0B00AAF4D9 /* Myfinan.app */,
				493232AC27E88E0D00AAF4D9 /* MyfinanTests.xctest */,
				493232B627E88E0D00AAF4D9 /* MyfinanUITests.xctest */,
			);
			name = Products;
			sourceTree = "<group>";
		};
		4932329527E88E0B00AAF4D9 /* Myfinan */ = {
			isa = PBXGroup;
			children = (
				493232D427E88F3700AAF4D9 /* App */,
				493232D327E88ED500AAF4D9 /* CategoriesModule */,
				493232A227E88E0D00AAF4D9 /* Assets.xcassets */,
				493232A427E88E0D00AAF4D9 /* LaunchScreen.storyboard */,
				493232A727E88E0D00AAF4D9 /* Info.plist */,
			);
			path = Myfinan;
			sourceTree = "<group>";
		};
		493232AF27E88E0D00AAF4D9 /* MyfinanTests */ = {
			isa = PBXGroup;
			children = (
				493232B027E88E0D00AAF4D9 /* MyfinanTests.swift */,
			);
			path = MyfinanTests;
			sourceTree = "<group>";
		};
		493232B927E88E0D00AAF4D9 /* MyfinanUITests */ = {
			isa = PBXGroup;
			children = (
				493232BA27E88E0D00AAF4D9 /* MyfinanUITests.swift */,
				493232BC27E88E0D00AAF4D9 /* MyfinanUITestsLaunchTests.swift */,
			);
			path = MyfinanUITests;
			sourceTree = "<group>";
		};
		493232D327E88ED500AAF4D9 /* CategoriesModule */ = {
			isa = PBXGroup;
			children = (
				493232D627E88FBC00AAF4D9 /* Model */,
				493232D527E88FB700AAF4D9 /* View */,
				493232D727E88FC200AAF4D9 /* Presenter */,
			);
			path = CategoriesModule;
			sourceTree = "<group>";
		};
		493232D427E88F3700AAF4D9 /* App */ = {
			isa = PBXGroup;
			children = (
				4932329627E88E0B00AAF4D9 /* AppDelegate.swift */,
				4932329827E88E0B00AAF4D9 /* SceneDelegate.swift */,
			);
			path = App;
			sourceTree = "<group>";
		};
		493232D527E88FB700AAF4D9 /* View */ = {
			isa = PBXGroup;
			children = (
				493232E027E8952C00AAF4D9 /* CategoriesViewController.swift */,
				49E566FF27E8FFCF000CEDEF /* CategoriesTableViewController.swift */,
				493232E427E8965C00AAF4D9 /* CategoriesCell.swift */,
			);
			path = View;
			sourceTree = "<group>";
		};
		493232D627E88FBC00AAF4D9 /* Model */ = {
			isa = PBXGroup;
			children = (
				4932329F27E88E0B00AAF4D9 /* Myfinan.xcdatamodeld */,
				493232CD27E88EAF00AAF4D9 /* CategoriesModel.swift */,
			);
			path = Model;
			sourceTree = "<group>";
		};
		493232D727E88FC200AAF4D9 /* Presenter */ = {
			isa = PBXGroup;
			children = (
				493232CF27E88EBC00AAF4D9 /* CategoriesPresenter.swift */,
			);
			path = Presenter;
			sourceTree = "<group>";
		};
/* End PBXGroup section */

/* Begin PBXNativeTarget section */
		4932329227E88E0B00AAF4D9 /* Myfinan */ = {
			isa = PBXNativeTarget;
			buildConfigurationList = 493232C027E88E0D00AAF4D9 /* Build configuration list for PBXNativeTarget "Myfinan" */;
			buildPhases = (
				4932328F27E88E0B00AAF4D9 /* Sources */,
				4932329027E88E0B00AAF4D9 /* Frameworks */,
				4932329127E88E0B00AAF4D9 /* Resources */,
			);
			buildRules = (
			);
			dependencies = (
			);
			name = Myfinan;
			productName = Myfinan;
			productReference = 4932329327E88E0B00AAF4D9 /* Myfinan.app */;
			productType = "com.apple.product-type.application";
		};
		493232AB27E88E0D00AAF4D9 /* MyfinanTests */ = {
			isa = PBXNativeTarget;
			buildConfigurationList = 493232C327E88E0D00AAF4D9 /* Build configuration list for PBXNativeTarget "MyfinanTests" */;
			buildPhases = (
				493232A827E88E0D00AAF4D9 /* Sources */,
				493232A927E88E0D00AAF4D9 /* Frameworks */,
				493232AA27E88E0D00AAF4D9 /* Resources */,
			);
			buildRules = (
			);
			dependencies = (
				493232AE27E88E0D00AAF4D9 /* PBXTargetDependency */,
			);
			name = MyfinanTests;
			productName = MyfinanTests;
			productReference = 493232AC27E88E0D00AAF4D9 /* MyfinanTests.xctest */;
			productType = "com.apple.product-type.bundle.unit-test";
		};
		493232B527E88E0D00AAF4D9 /* MyfinanUITests */ = {
			isa = PBXNativeTarget;
			buildConfigurationList = 493232C627E88E0D00AAF4D9 /* Build configuration list for PBXNativeTarget "MyfinanUITests" */;
			buildPhases = (
				493232B227E88E0D00AAF4D9 /* Sources */,
				493232B327E88E0D00AAF4D9 /* Frameworks */,
				493232B427E88E0D00AAF4D9 /* Resources */,
			);
			buildRules = (
			);
			dependencies = (
				493232B827E88E0D00AAF4D9 /* PBXTargetDependency */,
			);
			name = MyfinanUITests;
			productName = MyfinanUITests;
			productReference = 493232B627E88E0D00AAF4D9 /* MyfinanUITests.xctest */;
			productType = "com.apple.product-type.bundle.ui-testing";
		};
/* End PBXNativeTarget section */

/* Begin PBXProject section */
		4932328B27E88E0B00AAF4D9 /* Project object */ = {
			isa = PBXProject;
			attributes = {
				BuildIndependentTargetsInParallel = 1;
				LastSwiftUpdateCheck = 1330;
				LastUpgradeCheck = 1330;
				TargetAttributes = {
					4932329227E88E0B00AAF4D9 = {
						CreatedOnToolsVersion = 13.3;
					};
					493232AB27E88E0D00AAF4D9 = {
						CreatedOnToolsVersion = 13.3;
						TestTargetID = 4932329227E88E0B00AAF4D9;
					};
					493232B527E88E0D00AAF4D9 = {
						CreatedOnToolsVersion = 13.3;
						TestTargetID = 4932329227E88E0B00AAF4D9;
					};
				};
			};
			buildConfigurationList = 4932328E27E88E0B00AAF4D9 /* Build configuration list for PBXProject "Myfinan" */;
			compatibilityVersion = "Xcode 13.0";
			developmentRegion = en;
			hasScannedForEncodings = 0;
			knownRegions = (
				en,
				Base,
			);
			mainGroup = 4932328A27E88E0B00AAF4D9;
			productRefGroup = 4932329427E88E0B00AAF4D9 /* Products */;
			projectDirPath = "";
			projectRoot = "";
			targets = (
				4932329227E88E0B00AAF4D9 /* Myfinan */,
				493232AB27E88E0D00AAF4D9 /* MyfinanTests */,
				493232B527E88E0D00AAF4D9 /* MyfinanUITests */,
			);
		};
/* End PBXProject section */

/* Begin PBXResourcesBuildPhase section */
		4932329127E88E0B00AAF4D9 /* Resources */ = {
			isa = PBXResourcesBuildPhase;
			buildActionMask = 2147483647;
			files = (
				493232A627E88E0D00AAF4D9 /* LaunchScreen.storyboard in Resources */,
				493232A327E88E0D00AAF4D9 /* Assets.xcassets in Resources */,
			);
			runOnlyForDeploymentPostprocessing = 0;
		};
		493232AA27E88E0D00AAF4D9 /* Resources */ = {
			isa = PBXResourcesBuildPhase;
			buildActionMask = 2147483647;
			files = (
			);
			runOnlyForDeploymentPostprocessing = 0;
		};
		493232B427E88E0D00AAF4D9 /* Resources */ = {
			isa = PBXResourcesBuildPhase;
			buildActionMask = 2147483647;
			files = (
			);
			runOnlyForDeploymentPostprocessing = 0;
		};
/* End PBXResourcesBuildPhase section */

/* Begin PBXSourcesBuildPhase section */
		4932328F27E88E0B00AAF4D9 /* Sources */ = {
			isa = PBXSourcesBuildPhase;
			buildActionMask = 2147483647;
			files = (
				4932329727E88E0B00AAF4D9 /* AppDelegate.swift in Sources */,
				493232E527E8965C00AAF4D9 /* CategoriesCell.swift in Sources */,
				493232A127E88E0B00AAF4D9 /* Myfinan.xcdatamodeld in Sources */,
				49E5670027E8FFCF000CEDEF /* CategoriesTableViewController.swift in Sources */,
				493232E227E8952C00AAF4D9 /* CategoriesViewController.swift in Sources */,
				493232CE27E88EAF00AAF4D9 /* CategoriesModel.swift in Sources */,
				4932329927E88E0B00AAF4D9 /* SceneDelegate.swift in Sources */,
				493232D027E88EBC00AAF4D9 /* CategoriesPresenter.swift in Sources */,
			);
			runOnlyForDeploymentPostprocessing = 0;
		};
		493232A827E88E0D00AAF4D9 /* Sources */ = {
			isa = PBXSourcesBuildPhase;
			buildActionMask = 2147483647;
			files = (
				493232B127E88E0D00AAF4D9 /* MyfinanTests.swift in Sources */,
			);
			runOnlyForDeploymentPostprocessing = 0;
		};
		493232B227E88E0D00AAF4D9 /* Sources */ = {
			isa = PBXSourcesBuildPhase;
			buildActionMask = 2147483647;
			files = (
				493232BB27E88E0D00AAF4D9 /* MyfinanUITests.swift in Sources */,
				493232BD27E88E0D00AAF4D9 /* MyfinanUITestsLaunchTests.swift in Sources */,
			);
			runOnlyForDeploymentPostprocessing = 0;
		};
/* End PBXSourcesBuildPhase section */

/* Begin PBXTargetDependency section */
		493232AE27E88E0D00AAF4D9 /* PBXTargetDependency */ = {
			isa = PBXTargetDependency;
			target = 4932329227E88E0B00AAF4D9 /* Myfinan */;
			targetProxy = 493232AD27E88E0D00AAF4D9 /* PBXContainerItemProxy */;
		};
		493232B827E88E0D00AAF4D9 /* PBXTargetDependency */ = {
			isa = PBXTargetDependency;
			target = 4932329227E88E0B00AAF4D9 /* Myfinan */;
			targetProxy = 493232B727E88E0D00AAF4D9 /* PBXContainerItemProxy */;
		};
/* End PBXTargetDependency section */

/* Begin PBXVariantGroup section */
		493232A427E88E0D00AAF4D9 /* LaunchScreen.storyboard */ = {
			isa = PBXVariantGroup;
			children = (
				493232A527E88E0D00AAF4D9 /* Base */,
			);
			name = LaunchScreen.storyboard;
			sourceTree = "<group>";
		};
/* End PBXVariantGroup section */

/* Begin XCBuildConfiguration section */
		493232BE27E88E0D00AAF4D9 /* Debug */ = {
			isa = XCBuildConfiguration;
			buildSettings = {
				ALWAYS_SEARCH_USER_PATHS = NO;
				CLANG_ANALYZER_NONNULL = YES;
				CLANG_ANALYZER_NUMBER_OBJECT_CONVERSION = YES_AGGRESSIVE;
				CLANG_CXX_LANGUAGE_STANDARD = "gnu++17";
				CLANG_ENABLE_MODULES = YES;
				CLANG_ENABLE_OBJC_ARC = YES;
				CLANG_ENABLE_OBJC_WEAK = YES;
				CLANG_WARN_BLOCK_CAPTURE_AUTORELEASING = YES;
				CLANG_WARN_BOOL_CONVERSION = YES;
				CLANG_WARN_COMMA = YES;
				CLANG_WARN_CONSTANT_CONVERSION = YES;
				CLANG_WARN_DEPRECATED_OBJC_IMPLEMENTATIONS = YES;
				CLANG_WARN_DIRECT_OBJC_ISA_USAGE = YES_ERROR;
				CLANG_WARN_DOCUMENTATION_COMMENTS = YES;
				CLANG_WARN_EMPTY_BODY = YES;
				CLANG_WARN_ENUM_CONVERSION = YES;
				CLANG_WARN_INFINITE_RECURSION = YES;
				CLANG_WARN_INT_CONVERSION = YES;
				CLANG_WARN_NON_LITERAL_NULL_CONVERSION = YES;
				CLANG_WARN_OBJC_IMPLICIT_RETAIN_SELF = YES;
				CLANG_WARN_OBJC_LITERAL_CONVERSION = YES;
				CLANG_WARN_OBJC_ROOT_CLASS = YES_ERROR;
				CLANG_WARN_QUOTED_INCLUDE_IN_FRAMEWORK_HEADER = YES;
				CLANG_WARN_RANGE_LOOP_ANALYSIS = YES;
				CLANG_WARN_STRICT_PROTOTYPES = YES;
				CLANG_WARN_SUSPICIOUS_MOVE = YES;
				CLANG_WARN_UNGUARDED_AVAILABILITY = YES_AGGRESSIVE;
				CLANG_WARN_UNREACHABLE_CODE = YES;
				CLANG_WARN__DUPLICATE_METHOD_MATCH = YES;
				COPY_PHASE_STRIP = NO;
				DEBUG_INFORMATION_FORMAT = dwarf;
				ENABLE_STRICT_OBJC_MSGSEND = YES;
				ENABLE_TESTABILITY = YES;
				GCC_C_LANGUAGE_STANDARD = gnu11;
				GCC_DYNAMIC_NO_PIC = NO;
				GCC_NO_COMMON_BLOCKS = YES;
				GCC_OPTIMIZATION_LEVEL = 0;
				GCC_PREPROCESSOR_DEFINITIONS = (
					"DEBUG=1",
					"$(inherited)",
				);
				GCC_WARN_64_TO_32_BIT_CONVERSION = YES;
				GCC_WARN_ABOUT_RETURN_TYPE = YES_ERROR;
				GCC_WARN_UNDECLARED_SELECTOR = YES;
				GCC_WARN_UNINITIALIZED_AUTOS = YES_AGGRESSIVE;
				GCC_WARN_UNUSED_FUNCTION = YES;
				GCC_WARN_UNUSED_VARIABLE = YES;
				IPHONEOS_DEPLOYMENT_TARGET = 15.4;
				MTL_ENABLE_DEBUG_INFO = INCLUDE_SOURCE;
				MTL_FAST_MATH = YES;
				ONLY_ACTIVE_ARCH = YES;
				SDKROOT = iphoneos;
				SWIFT_ACTIVE_COMPILATION_CONDITIONS = DEBUG;
				SWIFT_OPTIMIZATION_LEVEL = "-Onone";
			};
			name = Debug;
		};
		493232BF27E88E0D00AAF4D9 /* Release */ = {
			isa = XCBuildConfiguration;
			buildSettings = {
				ALWAYS_SEARCH_USER_PATHS = NO;
				CLANG_ANALYZER_NONNULL = YES;
				CLANG_ANALYZER_NUMBER_OBJECT_CONVERSION = YES_AGGRESSIVE;
				CLANG_CXX_LANGUAGE_STANDARD = "gnu++17";
				CLANG_ENABLE_MODULES = YES;
				CLANG_ENABLE_OBJC_ARC = YES;
				CLANG_ENABLE_OBJC_WEAK = YES;
				CLANG_WARN_BLOCK_CAPTURE_AUTORELEASING = YES;
				CLANG_WARN_BOOL_CONVERSION = YES;
				CLANG_WARN_COMMA = YES;
				CLANG_WARN_CONSTANT_CONVERSION = YES;
				CLANG_WARN_DEPRECATED_OBJC_IMPLEMENTATIONS = YES;
				CLANG_WARN_DIRECT_OBJC_ISA_USAGE = YES_ERROR;
				CLANG_WARN_DOCUMENTATION_COMMENTS = YES;
				CLANG_WARN_EMPTY_BODY = YES;
				CLANG_WARN_ENUM_CONVERSION = YES;
				CLANG_WARN_INFINITE_RECURSION = YES;
				CLANG_WARN_INT_CONVERSION = YES;
				CLANG_WARN_NON_LITERAL_NULL_CONVERSION = YES;
				CLANG_WARN_OBJC_IMPLICIT_RETAIN_SELF = YES;
				CLANG_WARN_OBJC_LITERAL_CONVERSION = YES;
				CLANG_WARN_OBJC_ROOT_CLASS = YES_ERROR;
				CLANG_WARN_QUOTED_INCLUDE_IN_FRAMEWORK_HEADER = YES;
				CLANG_WARN_RANGE_LOOP_ANALYSIS = YES;
				CLANG_WARN_STRICT_PROTOTYPES = YES;
				CLANG_WARN_SUSPICIOUS_MOVE = YES;
				CLANG_WARN_UNGUARDED_AVAILABILITY = YES_AGGRESSIVE;
				CLANG_WARN_UNREACHABLE_CODE = YES;
				CLANG_WARN__DUPLICATE_METHOD_MATCH = YES;
				COPY_PHASE_STRIP = NO;
				DEBUG_INFORMATION_FORMAT = "dwarf-with-dsym";
				ENABLE_NS_ASSERTIONS = NO;
				ENABLE_STRICT_OBJC_MSGSEND = YES;
				GCC_C_LANGUAGE_STANDARD = gnu11;
				GCC_NO_COMMON_BLOCKS = YES;
				GCC_WARN_64_TO_32_BIT_CONVERSION = YES;
				GCC_WARN_ABOUT_RETURN_TYPE = YES_ERROR;
				GCC_WARN_UNDECLARED_SELECTOR = YES;
				GCC_WARN_UNINITIALIZED_AUTOS = YES_AGGRESSIVE;
				GCC_WARN_UNUSED_FUNCTION = YES;
				GCC_WARN_UNUSED_VARIABLE = YES;
				IPHONEOS_DEPLOYMENT_TARGET = 15.4;
				MTL_ENABLE_DEBUG_INFO = NO;
				MTL_FAST_MATH = YES;
				SDKROOT = iphoneos;
				SWIFT_COMPILATION_MODE = wholemodule;
				SWIFT_OPTIMIZATION_LEVEL = "-O";
				VALIDATE_PRODUCT = YES;
			};
			name = Release;
		};
		493232C127E88E0D00AAF4D9 /* Debug */ = {
			isa = XCBuildConfiguration;
			buildSettings = {
				ASSETCATALOG_COMPILER_APPICON_NAME = AppIcon;
				ASSETCATALOG_COMPILER_GLOBAL_ACCENT_COLOR_NAME = AccentColor;
				CODE_SIGN_STYLE = Automatic;
				CURRENT_PROJECT_VERSION = 1;
				DEVELOPMENT_TEAM = 4LU2BMBADH;
				GENERATE_INFOPLIST_FILE = YES;
				INFOPLIST_FILE = Myfinan/Info.plist;
				INFOPLIST_KEY_UIApplicationSupportsIndirectInputEvents = YES;
				INFOPLIST_KEY_UILaunchStoryboardName = LaunchScreen;
				INFOPLIST_KEY_UISupportedInterfaceOrientations_iPad = "UIInterfaceOrientationPortrait UIInterfaceOrientationPortraitUpsideDown UIInterfaceOrientationLandscapeLeft UIInterfaceOrientationLandscapeRight";
				INFOPLIST_KEY_UISupportedInterfaceOrientations_iPhone = "UIInterfaceOrientationPortrait UIInterfaceOrientationLandscapeLeft UIInterfaceOrientationLandscapeRight";
				LD_RUNPATH_SEARCH_PATHS = (
					"$(inherited)",
					"@executable_path/Frameworks",
				);
				MARKETING_VERSION = 1.0;
				PRODUCT_BUNDLE_IDENTIFIER = Tambanco.Myfinan;
				PRODUCT_NAME = "$(TARGET_NAME)";
				SWIFT_EMIT_LOC_STRINGS = YES;
				SWIFT_VERSION = 5.0;
				TARGETED_DEVICE_FAMILY = "1,2";
			};
			name = Debug;
		};
		493232C227E88E0D00AAF4D9 /* Release */ = {
			isa = XCBuildConfiguration;
			buildSettings = {
				ASSETCATALOG_COMPILER_APPICON_NAME = AppIcon;
				ASSETCATALOG_COMPILER_GLOBAL_ACCENT_COLOR_NAME = AccentColor;
				CODE_SIGN_STYLE = Automatic;
				CURRENT_PROJECT_VERSION = 1;
				DEVELOPMENT_TEAM = 4LU2BMBADH;
				GENERATE_INFOPLIST_FILE = YES;
				INFOPLIST_FILE = Myfinan/Info.plist;
				INFOPLIST_KEY_UIApplicationSupportsIndirectInputEvents = YES;
				INFOPLIST_KEY_UILaunchStoryboardName = LaunchScreen;
				INFOPLIST_KEY_UISupportedInterfaceOrientations_iPad = "UIInterfaceOrientationPortrait UIInterfaceOrientationPortraitUpsideDown UIInterfaceOrientationLandscapeLeft UIInterfaceOrientationLandscapeRight";
				INFOPLIST_KEY_UISupportedInterfaceOrientations_iPhone = "UIInterfaceOrientationPortrait UIInterfaceOrientationLandscapeLeft UIInterfaceOrientationLandscapeRight";
				LD_RUNPATH_SEARCH_PATHS = (
					"$(inherited)",
					"@executable_path/Frameworks",
				);
				MARKETING_VERSION = 1.0;
				PRODUCT_BUNDLE_IDENTIFIER = Tambanco.Myfinan;
				PRODUCT_NAME = "$(TARGET_NAME)";
				SWIFT_EMIT_LOC_STRINGS = YES;
				SWIFT_VERSION = 5.0;
				TARGETED_DEVICE_FAMILY = "1,2";
			};
			name = Release;
		};
		493232C427E88E0D00AAF4D9 /* Debug */ = {
			isa = XCBuildConfiguration;
			buildSettings = {
				ALWAYS_EMBED_SWIFT_STANDARD_LIBRARIES = YES;
				BUNDLE_LOADER = "$(TEST_HOST)";
				CODE_SIGN_STYLE = Automatic;
				CURRENT_PROJECT_VERSION = 1;
				DEVELOPMENT_TEAM = 4LU2BMBADH;
				GENERATE_INFOPLIST_FILE = YES;
				IPHONEOS_DEPLOYMENT_TARGET = 15.4;
				MARKETING_VERSION = 1.0;
				PRODUCT_BUNDLE_IDENTIFIER = Tambanco.MyfinanTests;
				PRODUCT_NAME = "$(TARGET_NAME)";
				SWIFT_EMIT_LOC_STRINGS = NO;
				SWIFT_VERSION = 5.0;
				TARGETED_DEVICE_FAMILY = "1,2";
				TEST_HOST = "$(BUILT_PRODUCTS_DIR)/Myfinan.app/Myfinan";
			};
			name = Debug;
		};
		493232C527E88E0D00AAF4D9 /* Release */ = {
			isa = XCBuildConfiguration;
			buildSettings = {
				ALWAYS_EMBED_SWIFT_STANDARD_LIBRARIES = YES;
				BUNDLE_LOADER = "$(TEST_HOST)";
				CODE_SIGN_STYLE = Automatic;
				CURRENT_PROJECT_VERSION = 1;
				DEVELOPMENT_TEAM = 4LU2BMBADH;
				GENERATE_INFOPLIST_FILE = YES;
				IPHONEOS_DEPLOYMENT_TARGET = 15.4;
				MARKETING_VERSION = 1.0;
				PRODUCT_BUNDLE_IDENTIFIER = Tambanco.MyfinanTests;
				PRODUCT_NAME = "$(TARGET_NAME)";
				SWIFT_EMIT_LOC_STRINGS = NO;
				SWIFT_VERSION = 5.0;
				TARGETED_DEVICE_FAMILY = "1,2";
				TEST_HOST = "$(BUILT_PRODUCTS_DIR)/Myfinan.app/Myfinan";
			};
			name = Release;
		};
		493232C727E88E0D00AAF4D9 /* Debug */ = {
			isa = XCBuildConfiguration;
			buildSettings = {
				ALWAYS_EMBED_SWIFT_STANDARD_LIBRARIES = YES;
				CODE_SIGN_STYLE = Automatic;
				CURRENT_PROJECT_VERSION = 1;
				DEVELOPMENT_TEAM = 4LU2BMBADH;
				GENERATE_INFOPLIST_FILE = YES;
				MARKETING_VERSION = 1.0;
				PRODUCT_BUNDLE_IDENTIFIER = Tambanco.MyfinanUITests;
				PRODUCT_NAME = "$(TARGET_NAME)";
				SWIFT_EMIT_LOC_STRINGS = NO;
				SWIFT_VERSION = 5.0;
				TARGETED_DEVICE_FAMILY = "1,2";
				TEST_TARGET_NAME = Myfinan;
			};
			name = Debug;
		};
		493232C827E88E0D00AAF4D9 /* Release */ = {
			isa = XCBuildConfiguration;
			buildSettings = {
				ALWAYS_EMBED_SWIFT_STANDARD_LIBRARIES = YES;
				CODE_SIGN_STYLE = Automatic;
				CURRENT_PROJECT_VERSION = 1;
				DEVELOPMENT_TEAM = 4LU2BMBADH;
				GENERATE_INFOPLIST_FILE = YES;
				MARKETING_VERSION = 1.0;
				PRODUCT_BUNDLE_IDENTIFIER = Tambanco.MyfinanUITests;
				PRODUCT_NAME = "$(TARGET_NAME)";
				SWIFT_EMIT_LOC_STRINGS = NO;
				SWIFT_VERSION = 5.0;
				TARGETED_DEVICE_FAMILY = "1,2";
				TEST_TARGET_NAME = Myfinan;
			};
			name = Release;
		};
/* End XCBuildConfiguration section */

/* Begin XCConfigurationList section */
		4932328E27E88E0B00AAF4D9 /* Build configuration list for PBXProject "Myfinan" */ = {
			isa = XCConfigurationList;
			buildConfigurations = (
				493232BE27E88E0D00AAF4D9 /* Debug */,
				493232BF27E88E0D00AAF4D9 /* Release */,
			);
			defaultConfigurationIsVisible = 0;
			defaultConfigurationName = Release;
		};
		493232C027E88E0D00AAF4D9 /* Build configuration list for PBXNativeTarget "Myfinan" */ = {
			isa = XCConfigurationList;
			buildConfigurations = (
				493232C127E88E0D00AAF4D9 /* Debug */,
				493232C227E88E0D00AAF4D9 /* Release */,
			);
			defaultConfigurationIsVisible = 0;
			defaultConfigurationName = Release;
		};
		493232C327E88E0D00AAF4D9 /* Build configuration list for PBXNativeTarget "MyfinanTests" */ = {
			isa = XCConfigurationList;
			buildConfigurations = (
				493232C427E88E0D00AAF4D9 /* Debug */,
				493232C527E88E0D00AAF4D9 /* Release */,
			);
			defaultConfigurationIsVisible = 0;
			defaultConfigurationName = Release;
		};
		493232C627E88E0D00AAF4D9 /* Build configuration list for PBXNativeTarget "MyfinanUITests" */ = {
			isa = XCConfigurationList;
			buildConfigurations = (
				493232C727E88E0D00AAF4D9 /* Debug */,
				493232C827E88E0D00AAF4D9 /* Release */,
			);
			defaultConfigurationIsVisible = 0;
			defaultConfigurationName = Release;
		};
/* End XCConfigurationList section */

/* Begin XCVersionGroup section */
		4932329F27E88E0B00AAF4D9 /* Myfinan.xcdatamodeld */ = {
			isa = XCVersionGroup;
			children = (
				493232A027E88E0B00AAF4D9 /* Myfinan.xcdatamodel */,
			);
			currentVersion = 493232A027E88E0B00AAF4D9 /* Myfinan.xcdatamodel */;
			path = Myfinan.xcdatamodeld;
			sourceTree = "<group>";
			versionGroupType = wrapper.xcdatamodel;
		};
/* End XCVersionGroup section */
	};
	rootObject = 4932328B27E88E0B00AAF4D9 /* Project object */;
}
